
Microsoft Visual Studio Solution File, Format Version 12.00
# Visual Studio 15
VisualStudioVersion = 15.0.28307.1705
MinimumVisualStudioVersion = 10.0.40219.1
Project("{8BC9CEB8-8B4A-11D0-8D11-00A0C91BC942}") = "comServer_costom", "comServer_costom\comServer_costom.vcxproj", "{4BA643C3-14DE-44D2-AFE4-4FFEBCDE5475}"
EndProject
Global
	GlobalSection(SolutionConfigurationPlatforms) = preSolution
		Debug|ARM = Debug|ARM
		Debug|ARM64 = Debug|ARM64
		Debug|x64 = Debug|x64
		Debug|x86 = Debug|x86
		Release|ARM = Release|ARM
		Release|ARM64 = Release|ARM64
		Release|x64 = Release|x64
		Release|x86 = Release|x86
	EndGlobalSection
	GlobalSection(ProjectConfigurationPlatforms) = postSolution
		{4BA643C3-14DE-44D2-AFE4-4FFEBCDE5475}.Debug|ARM.ActiveCfg = Debug|ARM
		{4BA643C3-14DE-44D2-AFE4-4FFEBCDE5475}.Debug|ARM.Build.0 = Debug|ARM
		{4BA643C3-14DE-44D2-AFE4-4FFEBCDE5475}.Debug|ARM64.ActiveCfg = Debug|ARM64
		{4BA643C3-14DE-44D2-AFE4-4FFEBCDE5475}.Debug|ARM64.Build.0 = Debug|ARM64
		{4BA643C3-14DE-44D2-AFE4-4FFEBCDE5475}.Debug|x64.ActiveCfg = Debug|x64
		{4BA643C3-14DE-44D2-AFE4-4FFEBCDE5475}.Debug|x64.Build.0 = Debug|x64
		{4BA643C3-14DE-44D2-AFE4-4FFEBCDE5475}.Debug|x86.ActiveCfg = Debug|x86
		{4BA643C3-14DE-44D2-AFE4-4FFEBCDE5475}.Debug|x86.Build.0 = Debug|x86
		{4BA643C3-14DE-44D2-AFE4-4FFEBCDE5475}.Release|ARM.ActiveCfg = Release|ARM
		{4BA643C3-14DE-44D2-AFE4-4FFEBCDE5475}.Release|ARM.Build.0 = Release|ARM
		{4BA643C3-14DE-44D2-AFE4-4FFEBCDE5475}.Release|ARM64.ActiveCfg = Release|ARM64
		{4BA643C3-14DE-44D2-AFE4-4FFEBCDE5475}.Release|ARM64.Build.0 = Release|ARM64
		{4BA643C3-14DE-44D2-AFE4-4FFEBCDE5475}.Release|x64.ActiveCfg = Release|x64
		{4BA643C3-14DE-44D2-AFE4-4FFEBCDE5475}.Release|x64.Build.0 = Release|x64
		{4BA643C3-14DE-44D2-AFE4-4FFEBCDE5475}.Release|x86.ActiveCfg = Release|x86
		{4BA643C3-14DE-44D2-AFE4-4FFEBCDE5475}.Release|x86.Build.0 = Release|x86
	EndGlobalSection
	GlobalSection(SolutionProperties) = preSolution
		HideSolutionNode = FALSE
	EndGlobalSection
	GlobalSection(ExtensibilityGlobals) = postSolution
		SolutionGuid = {B370ACDF-5958-4304-BB7A-E3B762371F89}
	EndGlobalSection
EndGlobal
