
Microsoft Visual Studio Solution File, Format Version 12.00
# Visual Studio 15
VisualStudioVersion = 15.0.28307.1738
MinimumVisualStudioVersion = 10.0.40219.1
Project("{8BC9CEB8-8B4A-11D0-8D11-00A0C91BC942}") = "test_log", "test_log\test_log.vcxproj", "{C61401CD-96A9-48F3-B9DE-118CD91CC1FC}"
EndProject
Global
	GlobalSection(SolutionConfigurationPlatforms) = preSolution
		Debug|ARM = Debug|ARM
		Debug|ARM64 = Debug|ARM64
		Debug|x64 = Debug|x64
		Debug|x86 = Debug|x86
		Release|ARM = Release|ARM
		Release|ARM64 = Release|ARM64
		Release|x64 = Release|x64
		Release|x86 = Release|x86
	EndGlobalSection
	GlobalSection(ProjectConfigurationPlatforms) = postSolution
		{C61401CD-96A9-48F3-B9DE-118CD91CC1FC}.Debug|ARM.ActiveCfg = Debug|ARM
		{C61401CD-96A9-48F3-B9DE-118CD91CC1FC}.Debug|ARM.Build.0 = Debug|ARM
		{C61401CD-96A9-48F3-B9DE-118CD91CC1FC}.Debug|ARM64.ActiveCfg = Debug|ARM64
		{C61401CD-96A9-48F3-B9DE-118CD91CC1FC}.Debug|ARM64.Build.0 = Debug|ARM64
		{C61401CD-96A9-48F3-B9DE-118CD91CC1FC}.Debug|x64.ActiveCfg = Debug|x64
		{C61401CD-96A9-48F3-B9DE-118CD91CC1FC}.Debug|x64.Build.0 = Debug|x64
		{C61401CD-96A9-48F3-B9DE-118CD91CC1FC}.Debug|x86.ActiveCfg = Debug|x86
		{C61401CD-96A9-48F3-B9DE-118CD91CC1FC}.Debug|x86.Build.0 = Debug|x86
		{C61401CD-96A9-48F3-B9DE-118CD91CC1FC}.Release|ARM.ActiveCfg = Release|ARM
		{C61401CD-96A9-48F3-B9DE-118CD91CC1FC}.Release|ARM.Build.0 = Release|ARM
		{C61401CD-96A9-48F3-B9DE-118CD91CC1FC}.Release|ARM64.ActiveCfg = Release|ARM64
		{C61401CD-96A9-48F3-B9DE-118CD91CC1FC}.Release|ARM64.Build.0 = Release|ARM64
		{C61401CD-96A9-48F3-B9DE-118CD91CC1FC}.Release|x64.ActiveCfg = Release|x64
		{C61401CD-96A9-48F3-B9DE-118CD91CC1FC}.Release|x64.Build.0 = Release|x64
		{C61401CD-96A9-48F3-B9DE-118CD91CC1FC}.Release|x86.ActiveCfg = Release|x86
		{C61401CD-96A9-48F3-B9DE-118CD91CC1FC}.Release|x86.Build.0 = Release|x86
	EndGlobalSection
	GlobalSection(SolutionProperties) = preSolution
		HideSolutionNode = FALSE
	EndGlobalSection
	GlobalSection(ExtensibilityGlobals) = postSolution
		SolutionGuid = {2FB2F13C-C7D4-43A2-A382-9969C031B0B4}
	EndGlobalSection
EndGlobal
